{
  "nodes": {
    "nixpkgs": {
      "locked": {
        "lastModified": 1712608508,
        "narHash": "sha256-vMZ5603yU0wxgyQeHJryOI+O61yrX2AHwY6LOFyV1gM=",
        "owner": "NixOS",
        "repo": "nixpkgs",
        "rev": "4cba8b53da471aea2ab2b0c1f30a81e7c451f4b6",
        "type": "github"
      },
      "original": {
        "id": "nixpkgs",
        "ref": "nixos-unstable",
        "type": "indirect"
      }
    },
    "root": {
      "inputs": {
        "nixpkgs": "nixpkgs",
        "spotify": "spotify"
      }
    },
    "spotify": {
      "locked": {
        "lastModified": 1712867921,
        "narHash": "sha256-edTFV4KldkCMdViC/rmpJa7oLIU8SE/S35lh/ukC7bg=",
        "owner": "NixOS",
        "repo": "nixpkgs",
        "rev": "51651a540816273b67bc4dedea2d37d116c5f7fe",
        "type": "github"
      },
      "original": {
        "id": "nixpkgs",
        "ref": "nixos-23.11",
        "type": "indirect"
      }
    }
  },
  "root": "root",
  "version": 7
}
